Microsoft Visual Studio Solution File, Format Version 12.00
# Visual Studio Version 17
VisualStudioVersion = 17.5.2.0
MinimumVisualStudioVersion = 10.0.40219.1
Project("{FAE04EC0-301F-11D3-BF4B-00C04F79EFBC}") = "C#", "C#\C#.csproj", "{A735CE4F-0AC9-A842-7238-31103646DC45}"
EndProject
Global
	GlobalSection(SolutionConfigurationPlatforms) = preSolution
		Debug|Any CPU = Debug|Any CPU
		Release|Any CPU = Release|Any CPU
	EndGlobalSection
	GlobalSection(ProjectConfigurationPlatforms) = postSolution
		{A735CE4F-0AC9-A842-7238-31103646DC45}.Debug|Any CPU.ActiveCfg = Debug|Any CPU
		{A735CE4F-0AC9-A842-7238-31103646DC45}.Debug|Any CPU.Build.0 = Debug|Any CPU
		{A735CE4F-0AC9-A842-7238-31103646DC45}.Release|Any CPU.ActiveCfg = Release|Any CPU
		{A735CE4F-0AC9-A842-7238-31103646DC45}.Release|Any CPU.Build.0 = Release|Any CPU
	EndGlobalSection
	GlobalSection(SolutionProperties) = preSolution
		HideSolutionNode = FALSE
	EndGlobalSection
	GlobalSection(ExtensibilityGlobals) = postSolution
		SolutionGuid = {B76D7E8F-3039-43B8-A656-70555ACBB091}
	EndGlobalSection
EndGlobal
