Microsoft Visual Studio Solution File, Format Version 12.00
# Visual Studio Version 17
VisualStudioVersion = 17.5.2.0
MinimumVisualStudioVersion = 10.0.40219.1
Project("{FAE04EC0-301F-11D3-BF4B-00C04F79EFBC}") = "test", "Csharp\test.csproj", "{C9A765AB-14D2-B04B-F469-39C02BD6C343}"
EndProject
Global
	GlobalSection(SolutionConfigurationPlatforms) = preSolution
		Debug|Any CPU = Debug|Any CPU
		Release|Any CPU = Release|Any CPU
	EndGlobalSection
	GlobalSection(ProjectConfigurationPlatforms) = postSolution
		{C9A765AB-14D2-B04B-F469-39C02BD6C343}.Debug|Any CPU.ActiveCfg = Debug|Any CPU
		{C9A765AB-14D2-B04B-F469-39C02BD6C343}.Debug|Any CPU.Build.0 = Debug|Any CPU
		{C9A765AB-14D2-B04B-F469-39C02BD6C343}.Release|Any CPU.ActiveCfg = Release|Any CPU
		{C9A765AB-14D2-B04B-F469-39C02BD6C343}.Release|Any CPU.Build.0 = Release|Any CPU
	EndGlobalSection
	GlobalSection(SolutionProperties) = preSolution
		HideSolutionNode = FALSE
	EndGlobalSection
	GlobalSection(ExtensibilityGlobals) = postSolution
		SolutionGuid = {5CB31EA2-BBAF-4FEF-9106-984EF3E200C6}
	EndGlobalSection
EndGlobal
